
Microsoft Visual Studio Solution File, Format Version 12.00
# Visual Studio Version 17
VisualStudioVersion = 17.14.36221.1 d17.14
MinimumVisualStudioVersion = 10.0.40219.1
Project("{FAE04EC0-301F-11D3-BF4B-00C04F79EFBC}") = "SPO.Webhook", "SPO.Webhook.csproj", "{C9BD3420-98A4-4441-AE20-B809BC902A1C}"
EndProject
Global
	GlobalSection(SolutionConfigurationPlatforms) = preSolution
		Debug|Any CPU = Debug|Any CPU
		Release|Any CPU = Release|Any CPU
	EndGlobalSection
	GlobalSection(ProjectConfigurationPlatforms) = postSolution
		{C9BD3420-98A4-4441-AE20-B809BC902A1C}.Debug|Any CPU.ActiveCfg = Debug|Any CPU
		{C9BD3420-98A4-4441-AE20-B809BC902A1C}.Debug|Any CPU.Build.0 = Debug|Any CPU
		{C9BD3420-98A4-4441-AE20-B809BC902A1C}.Release|Any CPU.ActiveCfg = Release|Any CPU
		{C9BD3420-98A4-4441-AE20-B809BC902A1C}.Release|Any CPU.Build.0 = Release|Any CPU
	EndGlobalSection
	GlobalSection(SolutionProperties) = preSolution
		HideSolutionNode = FALSE
	EndGlobalSection
	GlobalSection(ExtensibilityGlobals) = postSolution
		SolutionGuid = {C1116BBF-0300-4452-9C2A-60B3AA896367}
	EndGlobalSection
EndGlobal
